
Microsoft Visual Studio Solution File, Format Version 12.00
# Visual Studio Express 2012 for Web
Project("{FAE04EC0-301F-11D3-BF4B-00C04F79EFBC}") = "MVC.Web", "MvcApplication\MVC.Web.csproj", "{10FC0A8F-D20E-4E7E-B31F-011D308A86A4}"
EndProject
Project("{FAE04EC0-301F-11D3-BF4B-00C04F79EFBC}") = "DomainService", "DomainService\DomainService.csproj", "{794F3B04-7D46-4F1A-A497-20AF9A9C31AB}"
EndProject
Project("{FAE04EC0-301F-11D3-BF4B-00C04F79EFBC}") = "NHibernate.Repository", "NHibernate.Repository\NHibernate.Repository.csproj", "{EF91C2E1-DADA-4BE7-85CF-1424EDF4736C}"
EndProject
Project("{FAE04EC0-301F-11D3-BF4B-00C04F79EFBC}") = "PresentationService", "PresentationService\PresentationService.csproj", "{36D414DB-8BD6-4E27-84CF-701BC07B2589}"
EndProject
Project("{FAE04EC0-301F-11D3-BF4B-00C04F79EFBC}") = "Anubis.Utils", "Anubis.Utils\Anubis.Utils.csproj", "{DAFE9ADA-476E-415C-A6F2-8A797B3C4E52}"
EndProject
Project("{FAE04EC0-301F-11D3-BF4B-00C04F79EFBC}") = "DomainService.Test", "DomainService.Test\DomainService.Test.csproj", "{F1361A5A-5C9D-4A79-AD86-8263BB5D8C47}"
EndProject
Project("{FAE04EC0-301F-11D3-BF4B-00C04F79EFBC}") = "PresentationService.Test", "PresentationService.Test\PresentationService.Test.csproj", "{E0402D4B-6AC8-43BA-8CF9-042BBB3E36FA}"
EndProject
Project("{2150E333-8FDC-42A3-9474-1A3956D46DE8}") = "Solution Items", "Solution Items", "{BA54F1DD-2A79-493A-95E2-49A53E3B90DE}"
	ProjectSection(SolutionItems) = preProject
		Local.testsettings = Local.testsettings
	EndProjectSection
EndProject
Global
	GlobalSection(SolutionConfigurationPlatforms) = preSolution
		Debug|Any CPU = Debug|Any CPU
		Release|Any CPU = Release|Any CPU
	EndGlobalSection
	GlobalSection(ProjectConfigurationPlatforms) = postSolution
		{10FC0A8F-D20E-4E7E-B31F-011D308A86A4}.Debug|Any CPU.ActiveCfg = Debug|Any CPU
		{10FC0A8F-D20E-4E7E-B31F-011D308A86A4}.Debug|Any CPU.Build.0 = Debug|Any CPU
		{10FC0A8F-D20E-4E7E-B31F-011D308A86A4}.Debug|Any CPU.Deploy.0 = Debug|Any CPU
		{10FC0A8F-D20E-4E7E-B31F-011D308A86A4}.Release|Any CPU.ActiveCfg = Release|Any CPU
		{10FC0A8F-D20E-4E7E-B31F-011D308A86A4}.Release|Any CPU.Build.0 = Release|Any CPU
		{794F3B04-7D46-4F1A-A497-20AF9A9C31AB}.Debug|Any CPU.ActiveCfg = Debug|Any CPU
		{794F3B04-7D46-4F1A-A497-20AF9A9C31AB}.Debug|Any CPU.Build.0 = Debug|Any CPU
		{794F3B04-7D46-4F1A-A497-20AF9A9C31AB}.Release|Any CPU.ActiveCfg = Release|Any CPU
		{794F3B04-7D46-4F1A-A497-20AF9A9C31AB}.Release|Any CPU.Build.0 = Release|Any CPU
		{EF91C2E1-DADA-4BE7-85CF-1424EDF4736C}.Debug|Any CPU.ActiveCfg = Debug|Any CPU
		{EF91C2E1-DADA-4BE7-85CF-1424EDF4736C}.Debug|Any CPU.Build.0 = Debug|Any CPU
		{EF91C2E1-DADA-4BE7-85CF-1424EDF4736C}.Release|Any CPU.ActiveCfg = Release|Any CPU
		{EF91C2E1-DADA-4BE7-85CF-1424EDF4736C}.Release|Any CPU.Build.0 = Release|Any CPU
		{36D414DB-8BD6-4E27-84CF-701BC07B2589}.Debug|Any CPU.ActiveCfg = Debug|Any CPU
		{36D414DB-8BD6-4E27-84CF-701BC07B2589}.Debug|Any CPU.Build.0 = Debug|Any CPU
		{36D414DB-8BD6-4E27-84CF-701BC07B2589}.Release|Any CPU.ActiveCfg = Release|Any CPU
		{36D414DB-8BD6-4E27-84CF-701BC07B2589}.Release|Any CPU.Build.0 = Release|Any CPU
		{DAFE9ADA-476E-415C-A6F2-8A797B3C4E52}.Debug|Any CPU.ActiveCfg = Debug|Any CPU
		{DAFE9ADA-476E-415C-A6F2-8A797B3C4E52}.Debug|Any CPU.Build.0 = Debug|Any CPU
		{DAFE9ADA-476E-415C-A6F2-8A797B3C4E52}.Release|Any CPU.ActiveCfg = Release|Any CPU
		{DAFE9ADA-476E-415C-A6F2-8A797B3C4E52}.Release|Any CPU.Build.0 = Release|Any CPU
		{F1361A5A-5C9D-4A79-AD86-8263BB5D8C47}.Debug|Any CPU.ActiveCfg = Debug|Any CPU
		{F1361A5A-5C9D-4A79-AD86-8263BB5D8C47}.Debug|Any CPU.Build.0 = Debug|Any CPU
		{F1361A5A-5C9D-4A79-AD86-8263BB5D8C47}.Release|Any CPU.ActiveCfg = Release|Any CPU
		{F1361A5A-5C9D-4A79-AD86-8263BB5D8C47}.Release|Any CPU.Build.0 = Release|Any CPU
		{E0402D4B-6AC8-43BA-8CF9-042BBB3E36FA}.Debug|Any CPU.ActiveCfg = Debug|Any CPU
		{E0402D4B-6AC8-43BA-8CF9-042BBB3E36FA}.Debug|Any CPU.Build.0 = Debug|Any CPU
		{E0402D4B-6AC8-43BA-8CF9-042BBB3E36FA}.Release|Any CPU.ActiveCfg = Release|Any CPU
		{E0402D4B-6AC8-43BA-8CF9-042BBB3E36FA}.Release|Any CPU.Build.0 = Release|Any CPU
	EndGlobalSection
	GlobalSection(SolutionProperties) = preSolution
		HideSolutionNode = FALSE
	EndGlobalSection
EndGlobal
